
Microsoft Visual Studio Solution File, Format Version 12.00
# Visual Studio Version 16
VisualStudioVersion = 16.0.31205.134
MinimumVisualStudioVersion = 10.0.40219.1
Project("{FAE04EC0-301F-11D3-BF4B-00C04F79EFBC}") = "FIANAL", "FIANAL\FIANAL.csproj", "{6DC5FFD4-A82C-4739-B056-6BF827950920}"
EndProject
Global
	GlobalSection(SolutionConfigurationPlatforms) = preSolution
		Debug|Any CPU = Debug|Any CPU
		Release|Any CPU = Release|Any CPU
	EndGlobalSection
	GlobalSection(ProjectConfigurationPlatforms) = postSolution
		{6DC5FFD4-A82C-4739-B056-6BF827950920}.Debug|Any CPU.ActiveCfg = Debug|Any CPU
		{6DC5FFD4-A82C-4739-B056-6BF827950920}.Debug|Any CPU.Build.0 = Debug|Any CPU
		{6DC5FFD4-A82C-4739-B056-6BF827950920}.Release|Any CPU.ActiveCfg = Release|Any CPU
		{6DC5FFD4-A82C-4739-B056-6BF827950920}.Release|Any CPU.Build.0 = Release|Any CPU
	EndGlobalSection
	GlobalSection(SolutionProperties) = preSolution
		HideSolutionNode = FALSE
	EndGlobalSection
	GlobalSection(ExtensibilityGlobals) = postSolution
		SolutionGuid = {0F69307A-53FF-4013-A623-1660A37D460A}
	EndGlobalSection
EndGlobal
